
Microsoft Visual Studio Solution File, Format Version 12.00
# Visual Studio Version 17
VisualStudioVersion = 17.9.34728.123
MinimumVisualStudioVersion = 10.0.40219.1
Project("{FAE04EC0-301F-11D3-BF4B-00C04F79EFBC}") = "EmployeRegistry", "EmployeRegistry\EmployeRegistry.csproj", "{2AD18FB9-FBBD-4C2D-9953-1964EF6FAFCA}"
EndProject
Global
	GlobalSection(SolutionConfigurationPlatforms) = preSolution
		Debug|Any CPU = Debug|Any CPU
		Release|Any CPU = Release|Any CPU
	EndGlobalSection
	GlobalSection(ProjectConfigurationPlatforms) = postSolution
		{2AD18FB9-FBBD-4C2D-9953-1964EF6FAFCA}.Debug|Any CPU.ActiveCfg = Debug|Any CPU
		{2AD18FB9-FBBD-4C2D-9953-1964EF6FAFCA}.Debug|Any CPU.Build.0 = Debug|Any CPU
		{2AD18FB9-FBBD-4C2D-9953-1964EF6FAFCA}.Release|Any CPU.ActiveCfg = Release|Any CPU
		{2AD18FB9-FBBD-4C2D-9953-1964EF6FAFCA}.Release|Any CPU.Build.0 = Release|Any CPU
	EndGlobalSection
	GlobalSection(SolutionProperties) = preSolution
		HideSolutionNode = FALSE
	EndGlobalSection
	GlobalSection(ExtensibilityGlobals) = postSolution
		SolutionGuid = {A57142C2-8F37-46EB-BE2F-899CAA34AF4A}
	EndGlobalSection
EndGlobal
